
Microsoft Visual Studio Solution File, Format Version 12.00
# Visual Studio Version 17
VisualStudioVersion = 17.6.33829.357
MinimumVisualStudioVersion = 10.0.40219.1
Project("{FAE04EC0-301F-11D3-BF4B-00C04F79EFBC}") = "App.Project", "App.Project\App.Project.csproj", "{34F44BD5-35B8-4E3D-B8D4-788CD6F728BA}"
EndProject
Global
	GlobalSection(SolutionConfigurationPlatforms) = preSolution
		Debug|Any CPU = Debug|Any CPU
		Release|Any CPU = Release|Any CPU
	EndGlobalSection
	GlobalSection(ProjectConfigurationPlatforms) = postSolution
		{34F44BD5-35B8-4E3D-B8D4-788CD6F728BA}.Debug|Any CPU.ActiveCfg = Debug|Any CPU
		{34F44BD5-35B8-4E3D-B8D4-788CD6F728BA}.Debug|Any CPU.Build.0 = Debug|Any CPU
		{34F44BD5-35B8-4E3D-B8D4-788CD6F728BA}.Release|Any CPU.ActiveCfg = Release|Any CPU
		{34F44BD5-35B8-4E3D-B8D4-788CD6F728BA}.Release|Any CPU.Build.0 = Release|Any CPU
	EndGlobalSection
	GlobalSection(SolutionProperties) = preSolution
		HideSolutionNode = FALSE
	EndGlobalSection
	GlobalSection(ExtensibilityGlobals) = postSolution
		SolutionGuid = {B063559B-A7D6-44E1-B558-C135B83657A9}
	EndGlobalSection
EndGlobal
